
Microsoft Visual Studio Solution File, Format Version 12.00
# Visual Studio Version 17
VisualStudioVersion = 17.14.36915.13
MinimumVisualStudioVersion = 10.0.40219.1
Project("{FAE04EC0-301F-11D3-BF4B-00C04F79EFBC}") = "LiveStock", "LiveStock\LiveStock.csproj", "{31E9BC24-EADF-4496-B6AA-10123EE6FD17}"
EndProject
Project("{FAE04EC0-301F-11D3-BF4B-00C04F79EFBC}") = "LiveStockBL", "LiveStockBL\LiveStockBL.csproj", "{9D3F637A-1346-45AA-A772-D4DAB27631D9}"
EndProject
Global
	GlobalSection(SolutionConfigurationPlatforms) = preSolution
		Debug|Any CPU = Debug|Any CPU
		Release|Any CPU = Release|Any CPU
	EndGlobalSection
	GlobalSection(ProjectConfigurationPlatforms) = postSolution
		{31E9BC24-EADF-4496-B6AA-10123EE6FD17}.Debug|Any CPU.ActiveCfg = Debug|Any CPU
		{31E9BC24-EADF-4496-B6AA-10123EE6FD17}.Debug|Any CPU.Build.0 = Debug|Any CPU
		{31E9BC24-EADF-4496-B6AA-10123EE6FD17}.Release|Any CPU.ActiveCfg = Release|Any CPU
		{31E9BC24-EADF-4496-B6AA-10123EE6FD17}.Release|Any CPU.Build.0 = Release|Any CPU
		{9D3F637A-1346-45AA-A772-D4DAB27631D9}.Debug|Any CPU.ActiveCfg = Debug|Any CPU
		{9D3F637A-1346-45AA-A772-D4DAB27631D9}.Debug|Any CPU.Build.0 = Debug|Any CPU
		{9D3F637A-1346-45AA-A772-D4DAB27631D9}.Release|Any CPU.ActiveCfg = Release|Any CPU
		{9D3F637A-1346-45AA-A772-D4DAB27631D9}.Release|Any CPU.Build.0 = Release|Any CPU
	EndGlobalSection
	GlobalSection(SolutionProperties) = preSolution
		HideSolutionNode = FALSE
	EndGlobalSection
	GlobalSection(ExtensibilityGlobals) = postSolution
		SolutionGuid = {CE7E3CC9-B08D-4235-9CC4-249E9D64A9CA}
	EndGlobalSection
EndGlobal
